// !$*UTF8*$!
{
	archiveVersion = 1;
	classes = {
	};
	objectVersion = 46;
	objects = {

/* Begin PBXBuildFile section */
		84234E631B14D90B0070224A /* AppDelegate.swift in Sources */ = {isa = PBXBuildFile; fileRef = 84234E621B14D90B0070224A /* AppDelegate.swift */; };
		84234E651B14D90B0070224A /* ViewController.swift in Sources */ = {isa = PBXBuildFile; fileRef = 84234E641B14D90B0070224A /* ViewController.swift */; };
		84234E681B14D90B0070224A /* Main.storyboard in Resources */ = {isa = PBXBuildFile; fileRef = 84234E661B14D90B0070224A /* Main.storyboard */; };
		84234E6A1B14D90B0070224A /* Images.xcassets in Resources */ = {isa = PBXBuildFile; fileRef = 84234E691B14D90B0070224A /* Images.xcassets */; };
		84234E6D1B14D90B0070224A /* LaunchScreen.xib in Resources */ = {isa = PBXBuildFile; fileRef = 84234E6B1B14D90B0070224A /* LaunchScreen.xib */; };
		84234E791B14D90B0070224A /* myMapTests.swift in Sources */ = {isa = PBXBuildFile; fileRef = 84234E781B14D90B0070224A /* myMapTests.swift */; };
/* End PBXBuildFile section */

/* Begin PBXContainerItemProxy section */
		84234E731B14D90B0070224A /* PBXContainerItemProxy */ = {
			isa = PBXContainerItemProxy;
			containerPortal = 84234E551B14D90B0070224A /* Project object */;
			proxyType = 1;
			remoteGlobalIDString = 84234E5C1B14D90B0070224A;
			remoteInfo = myMap;
		};
/* End PBXContainerItemProxy section */

/* Begin PBXFileReference section */
		84234E5D1B14D90B0070224A /* myMap.app */ = {isa = PBXFileReference; explicitFileType = wrapper.application; includeInIndex = 0; path = myMap.app; sourceTree = BUILT_PRODUCTS_DIR; };
		84234E611B14D90B0070224A /* Info.plist */ = {isa = PBXFileReference; lastKnownFileType = text.plist.xml; path = Info.plist; sourceTree = "<group>"; };
		84234E621B14D90B0070224A /* AppDelegate.swift */ = {isa = PBXFileReference; lastKnownFileType = sourcecode.swift; path = AppDelegate.swift; sourceTree = "<group>"; };
		84234E641B14D90B0070224A /* ViewController.swift */ = {isa = PBXFileReference; lastKnownFileType = sourcecode.swift; path = ViewController.swift; sourceTree = "<group>"; };
		84234E671B14D90B0070224A /* Base */ = {isa = PBXFileReference; lastKnownFileType = file.storyboard; name = Base; path = Base.lproj/Main.storyboard; sourceTree = "<group>"; };
		84234E691B14D90B0070224A /* Images.xcassets */ = {isa = PBXFileReference; lastKnownFileType = folder.assetcatalog; path = Images.xcassets; sourceTree = "<group>"; };
		84234E6C1B14D90B0070224A /* Base */ = {isa = PBXFileReference; lastKnownFileType = file.xib; name = Base; path = Base.lproj/LaunchScreen.xib; sourceTree = "<group>"; };
		84234E721B14D90B0070224A /* myMapTests.xctest */ = {isa = PBXFileReference; explicitFileType = wrapper.cfbundle; includeInIndex = 0; path = myMapTests.xctest; sourceTree = BUILT_PRODUCTS_DIR; };
		84234E771B14D90B0070224A /* Info.plist */ = {isa = PBXFileReference; lastKnownFileType = text.plist.xml; path = Info.plist; sourceTree = "<group>"; };
		84234E781B14D90B0070224A /* myMapTests.swift */ = {isa = PBXFileReference; lastKnownFileType = sourcecode.swift; path = myMapTests.swift; sourceTree = "<group>"; };
/* End PBXFileReference section */

/* Begin PBXFrameworksBuildPhase section */
		84234E5A1B14D90B0070224A /* Frameworks */ = {
			isa = PBXFrameworksBuildPhase;
			buildActionMask = 2147483647;
			files = (
			);
			runOnlyForDeploymentPostprocessing = 0;
		};
		84234E6F1B14D90B0070224A /* Frameworks */ = {
			isa = PBXFrameworksBuildPhase;
			buildActionMask = 2147483647;
			files = (
			);
			runOnlyForDeploymentPostprocessing = 0;
		};
/* End PBXFrameworksBuildPhase section */

/* Begin PBXGroup section */
		84234E541B14D90B0070224A = {
			isa = PBXGroup;
			children = (
				84234E5F1B14D90B0070224A /* myMap */,
				84234E751B14D90B0070224A /* myMapTests */,
				84234E5E1B14D90B0070224A /* Products */,
			);
			sourceTree = "<group>";
		};
		84234E5E1B14D90B0070224A /* Products */ = {
			isa = PBXGroup;
			children = (
				84234E5D1B14D90B0070224A /* myMap.app */,
				84234E721B14D90B0070224A /* myMapTests.xctest */,
			);
			name = Products;
			sourceTree = "<group>";
		};
		84234E5F1B14D90B0070224A /* myMap */ = {
			isa = PBXGroup;
			children = (
				84234E621B14D90B0070224A /* AppDelegate.swift */,
				84234E641B14D90B0070224A /* ViewController.swift */,
				84234E661B14D90B0070224A /* Main.storyboard */,
				84234E691B14D90B0070224A /* Images.xcassets */,
				84234E6B1B14D90B0070224A /* LaunchScreen.xib */,
				84234E601B14D90B0070224A /* Supporting Files */,
			);
			path = myMap;
			sourceTree = "<group>";
		};
		84234E601B14D90B0070224A /* Supporting Files */ = {
			isa = PBXGroup;
			children = (
				84234E611B14D90B0070224A /* Info.plist */,
			);
			name = "Supporting Files";
			sourceTree = "<group>";
		};
		84234E751B14D90B0070224A /* myMapTests */ = {
			isa = PBXGroup;
			children = (
				84234E781B14D90B0070224A /* myMapTests.swift */,
				84234E761B14D90B0070224A /* Supporting Files */,
			);
			path = myMapTests;
			sourceTree = "<group>";
		};
		84234E761B14D90B0070224A /* Supporting Files */ = {
			isa = PBXGroup;
			children = (
				84234E771B14D90B0070224A /* Info.plist */,
			);
			name = "Supporting Files";
			sourceTree = "<group>";
		};
/* End PBXGroup section */

/* Begin PBXNativeTarget section */
		84234E5C1B14D90B0070224A /* myMap */ = {
			isa = PBXNativeTarget;
			buildConfigurationList = 84234E7C1B14D90B0070224A /* Build configuration list for PBXNativeTarget "myMap" */;
			buildPhases = (
				84234E591B14D90B0070224A /* Sources */,
				84234E5A1B14D90B0070224A /* Frameworks */,
				84234E5B1B14D90B0070224A /* Resources */,
			);
			buildRules = (
			);
			dependencies = (
			);
			name = myMap;
			productName = myMap;
			productReference = 84234E5D1B14D90B0070224A /* myMap.app */;
			productType = "com.apple.product-type.application";
		};
		84234E711B14D90B0070224A /* myMapTests */ = {
			isa = PBXNativeTarget;
			buildConfigurationList = 84234E7F1B14D90B0070224A /* Build configuration list for PBXNativeTarget "myMapTests" */;
			buildPhases = (
				84234E6E1B14D90B0070224A /* Sources */,
				84234E6F1B14D90B0070224A /* Frameworks */,
				84234E701B14D90B0070224A /* Resources */,
			);
			buildRules = (
			);
			dependencies = (
				84234E741B14D90B0070224A /* PBXTargetDependency */,
			);
			name = myMapTests;
			productName = myMapTests;
			productReference = 84234E721B14D90B0070224A /* myMapTests.xctest */;
			productType = "com.apple.product-type.bundle.unit-test";
		};
/* End PBXNativeTarget section */

/* Begin PBXProject section */
		84234E551B14D90B0070224A /* Project object */ = {
			isa = PBXProject;
			attributes = {
				LastUpgradeCheck = 0630;
				ORGANIZATIONNAME = "Rock Valley College";
				TargetAttributes = {
					84234E5C1B14D90B0070224A = {
						CreatedOnToolsVersion = 6.3.1;
					};
					84234E711B14D90B0070224A = {
						CreatedOnToolsVersion = 6.3.1;
						TestTargetID = 84234E5C1B14D90B0070224A;
					};
				};
			};
			buildConfigurationList = 84234E581B14D90B0070224A /* Build configuration list for PBXProject "myMap" */;
			compatibilityVersion = "Xcode 3.2";
			developmentRegion = English;
			hasScannedForEncodings = 0;
			knownRegions = (
				en,
				Base,
			);
			mainGroup = 84234E541B14D90B0070224A;
			productRefGroup = 84234E5E1B14D90B0070224A /* Products */;
			projectDirPath = "";
			projectRoot = "";
			targets = (
				84234E5C1B14D90B0070224A /* myMap */,
				84234E711B14D90B0070224A /* myMapTests */,
			);
		};
/* End PBXProject section */

/* Begin PBXResourcesBuildPhase section */
		84234E5B1B14D90B0070224A /* Resources */ = {
			isa = PBXResourcesBuildPhase;
			buildActionMask = 2147483647;
			files = (
				84234E681B14D90B0070224A /* Main.storyboard in Resources */,
				84234E6D1B14D90B0070224A /* LaunchScreen.xib in Resources */,
				84234E6A1B14D90B0070224A /* Images.xcassets in Resources */,
			);
			runOnlyForDeploymentPostprocessing = 0;
		};
		84234E701B14D90B0070224A /* Resources */ = {
			isa = PBXResourcesBuildPhase;
			buildActionMask = 2147483647;
			files = (
			);
			runOnlyForDeploymentPostprocessing = 0;
		};
/* End PBXResourcesBuildPhase section */

/* Begin PBXSourcesBuildPhase section */
		84234E591B14D90B0070224A /* Sources */ = {
			isa = PBXSourcesBuildPhase;
			buildActionMask = 2147483647;
			files = (
				84234E651B14D90B0070224A /* ViewController.swift in Sources */,
				84234E631B14D90B0070224A /* AppDelegate.swift in Sources */,
			);
			runOnlyForDeploymentPostprocessing = 0;
		};
		84234E6E1B14D90B0070224A /* Sources */ = {
			isa = PBXSourcesBuildPhase;
			buildActionMask = 2147483647;
			files = (
				84234E791B14D90B0070224A /* myMapTests.swift in Sources */,
			);
			runOnlyForDeploymentPostprocessing = 0;
		};
/* End PBXSourcesBuildPhase section */

/* Begin PBXTargetDependency section */
		84234E741B14D90B0070224A /* PBXTargetDependency */ = {
			isa = PBXTargetDependency;
			target = 84234E5C1B14D90B0070224A /* myMap */;
			targetProxy = 84234E731B14D90B0070224A /* PBXContainerItemProxy */;
		};
/* End PBXTargetDependency section */

/* Begin PBXVariantGroup section */
		84234E661B14D90B0070224A /* Main.storyboard */ = {
			isa = PBXVariantGroup;
			children = (
				84234E671B14D90B0070224A /* Base */,
			);
			name = Main.storyboard;
			sourceTree = "<group>";
		};
		84234E6B1B14D90B0070224A /* LaunchScreen.xib */ = {
			isa = PBXVariantGroup;
			children = (
				84234E6C1B14D90B0070224A /* Base */,
			);
			name = LaunchScreen.xib;
			sourceTree = "<group>";
		};
/* End PBXVariantGroup section */

/* Begin XCBuildConfiguration section */
		84234E7A1B14D90B0070224A /* Debug */ = {
			isa = XCBuildConfiguration;
			buildSettings = {
				ALWAYS_SEARCH_USER_PATHS = NO;
				CLANG_CXX_LANGUAGE_STANDARD = "gnu++0x";
				CLANG_CXX_LIBRARY = "libc++";
				CLANG_ENABLE_MODULES = YES;
				CLANG_ENABLE_OBJC_ARC = YES;
				CLANG_WARN_BOOL_CONVERSION = YES;
				CLANG_WARN_CONSTANT_CONVERSION = YES;
				CLANG_WARN_DIRECT_OBJC_ISA_USAGE = YES_ERROR;
				CLANG_WARN_EMPTY_BODY = YES;
				CLANG_WARN_ENUM_CONVERSION = YES;
				CLANG_WARN_INT_CONVERSION = YES;
				CLANG_WARN_OBJC_ROOT_CLASS = YES_ERROR;
				CLANG_WARN_UNREACHABLE_CODE = YES;
				CLANG_WARN__DUPLICATE_METHOD_MATCH = YES;
				"CODE_SIGN_IDENTITY[sdk=iphoneos*]" = "iPhone Developer";
				COPY_PHASE_STRIP = NO;
				DEBUG_INFORMATION_FORMAT = "dwarf-with-dsym";
				ENABLE_STRICT_OBJC_MSGSEND = YES;
				GCC_C_LANGUAGE_STANDARD = gnu99;
				GCC_DYNAMIC_NO_PIC = NO;
				GCC_NO_COMMON_BLOCKS = YES;
				GCC_OPTIMIZATION_LEVEL = 0;
				GCC_PREPROCESSOR_DEFINITIONS = (
					"DEBUG=1",
					"$(inherited)",
				);
				GCC_SYMBOLS_PRIVATE_EXTERN = NO;
				GCC_WARN_64_TO_32_BIT_CONVERSION = YES;
				GCC_WARN_ABOUT_RETURN_TYPE = YES_ERROR;
				GCC_WARN_UNDECLARED_SELECTOR = YES;
				GCC_WARN_UNINITIALIZED_AUTOS = YES_AGGRESSIVE;
				GCC_WARN_UNUSED_FUNCTION = YES;
				GCC_WARN_UNUSED_VARIABLE = YES;
				IPHONEOS_DEPLOYMENT_TARGET = 8.3;
				MTL_ENABLE_DEBUG_INFO = YES;
				ONLY_ACTIVE_ARCH = YES;
				SDKROOT = iphoneos;
				SWIFT_OPTIMIZATION_LEVEL = "-Onone";
				TARGETED_DEVICE_FAMILY = "1,2";
			};
			name = Debug;
		};
		84234E7B1B14D90B0070224A /* Release */ = {
			isa = XCBuildConfiguration;
			buildSettings = {
				ALWAYS_SEARCH_USER_PATHS = NO;
				CLANG_CXX_LANGUAGE_STANDARD = "gnu++0x";
				CLANG_CXX_LIBRARY = "libc++";
				CLANG_ENABLE_MODULES = YES;
				CLANG_ENABLE_OBJC_ARC = YES;
				CLANG_WARN_BOOL_CONVERSION = YES;
				CLANG_WARN_CONSTANT_CONVERSION = YES;
				CLANG_WARN_DIRECT_OBJC_ISA_USAGE = YES_ERROR;
				CLANG_WARN_EMPTY_BODY = YES;
				CLANG_WARN_ENUM_CONVERSION = YES;
				CLANG_WARN_INT_CONVERSION = YES;
				CLANG_WARN_OBJC_ROOT_CLASS = YES_ERROR;
				CLANG_WARN_UNREACHABLE_CODE = YES;
				CLANG_WARN__DUPLICATE_METHOD_MATCH = YES;
				"CODE_SIGN_IDENTITY[sdk=iphoneos*]" = "iPhone Developer";
				COPY_PHASE_STRIP = NO;
				DEBUG_INFORMATION_FORMAT = "dwarf-with-dsym";
				ENABLE_NS_ASSERTIONS = NO;
				ENABLE_STRICT_OBJC_MSGSEND = YES;
				GCC_C_LANGUAGE_STANDARD = gnu99;
				GCC_NO_COMMON_BLOCKS = YES;
				GCC_WARN_64_TO_32_BIT_CONVERSION = YES;
				GCC_WARN_ABOUT_RETURN_TYPE = YES_ERROR;
				GCC_WARN_UNDECLARED_SELECTOR = YES;
				GCC_WARN_UNINITIALIZED_AUTOS = YES_AGGRESSIVE;
				GCC_WARN_UNUSED_FUNCTION = YES;
				GCC_WARN_UNUSED_VARIABLE = YES;
				IPHONEOS_DEPLOYMENT_TARGET = 8.3;
				MTL_ENABLE_DEBUG_INFO = NO;
				SDKROOT = iphoneos;
				TARGETED_DEVICE_FAMILY = "1,2";
				VALIDATE_PRODUCT = YES;
			};
			name = Release;
		};
		84234E7D1B14D90B0070224A /* Debug */ = {
			isa = XCBuildConfiguration;
			buildSettings = {
				ASSETCATALOG_COMPILER_APPICON_NAME = AppIcon;
				INFOPLIST_FILE = myMap/Info.plist;
				LD_RUNPATH_SEARCH_PATHS = "$(inherited) @executable_path/Frameworks";
				PRODUCT_NAME = "$(TARGET_NAME)";
			};
			name = Debug;
		};
		84234E7E1B14D90B0070224A /* Release */ = {
			isa = XCBuildConfiguration;
			buildSettings = {
				ASSETCATALOG_COMPILER_APPICON_NAME = AppIcon;
				INFOPLIST_FILE = myMap/Info.plist;
				LD_RUNPATH_SEARCH_PATHS = "$(inherited) @executable_path/Frameworks";
				PRODUCT_NAME = "$(TARGET_NAME)";
			};
			name = Release;
		};
		84234E801B14D90B0070224A /* Debug */ = {
			isa = XCBuildConfiguration;
			buildSettings = {
				BUNDLE_LOADER = "$(TEST_HOST)";
				FRAMEWORK_SEARCH_PATHS = (
					"$(SDKROOT)/Developer/Library/Frameworks",
					"$(inherited)",
				);
				GCC_PREPROCESSOR_DEFINITIONS = (
					"DEBUG=1",
					"$(inherited)",
				);
				INFOPLIST_FILE = myMapTests/Info.plist;
				LD_RUNPATH_SEARCH_PATHS = "$(inherited) @executable_path/Frameworks @loader_path/Frameworks";
				PRODUCT_NAME = "$(TARGET_NAME)";
				TEST_HOST = "$(BUILT_PRODUCTS_DIR)/myMap.app/myMap";
			};
			name = Debug;
		};
		84234E811B14D90B0070224A /* Release */ = {
			isa = XCBuildConfiguration;
			buildSettings = {
				BUNDLE_LOADER = "$(TEST_HOST)";
				FRAMEWORK_SEARCH_PATHS = (
					"$(SDKROOT)/Developer/Library/Frameworks",
					"$(inherited)",
				);
				INFOPLIST_FILE = myMapTests/Info.plist;
				LD_RUNPATH_SEARCH_PATHS = "$(inherited) @executable_path/Frameworks @loader_path/Frameworks";
				PRODUCT_NAME = "$(TARGET_NAME)";
				TEST_HOST = "$(BUILT_PRODUCTS_DIR)/myMap.app/myMap";
			};
			name = Release;
		};
/* End XCBuildConfiguration section */

/* Begin XCConfigurationList section */
		84234E581B14D90B0070224A /* Build configuration list for PBXProject "myMap" */ = {
			isa = XCConfigurationList;
			buildConfigurations = (
				84234E7A1B14D90B0070224A /* Debug */,
				84234E7B1B14D90B0070224A /* Release */,
			);
			defaultConfigurationIsVisible = 0;
			defaultConfigurationName = Release;
		};
		84234E7C1B14D90B0070224A /* Build configuration list for PBXNativeTarget "myMap" */ = {
			isa = XCConfigurationList;
			buildConfigurations = (
				84234E7D1B14D90B0070224A /* Debug */,
				84234E7E1B14D90B0070224A /* Release */,
			);
			defaultConfigurationIsVisible = 0;
		};
		84234E7F1B14D90B0070224A /* Build configuration list for PBXNativeTarget "myMapTests" */ = {
			isa = XCConfigurationList;
			buildConfigurations = (
				84234E801B14D90B0070224A /* Debug */,
				84234E811B14D90B0070224A /* Release */,
			);
			defaultConfigurationIsVisible = 0;
		};
/* End XCConfigurationList section */
	};
	rootObject = 84234E551B14D90B0070224A /* Project object */;
}
